lockfileVersion: '9.0'

settings:
  autoInstallPeers: true
  excludeLinksFromLockfile: false

importers:

  .:
    dependencies:
      '@octokit/rest':
        specifier: ^22.0.0
        version: 22.0.0

packages:

  '@octokit/auth-token@6.0.0':
    resolution: {integrity: sha512-P4YJBPdPSpWTQ1NU4XYdvHvXJJDxM6YwpS0FZHRgP7YFkdVxsWcpWGy/NVqlAA7PcPCnMacXlRm1y2PFZRWL/w==}
    engines: {node: '>= 20'}

  '@octokit/core@7.0.3':
    resolution: {integrity: sha512-oNXsh2ywth5aowwIa7RKtawnkdH6LgU1ztfP9AIUCQCvzysB+WeU8o2kyyosDPwBZutPpjZDKPQGIzzrfTWweQ==}
    engines: {node: '>= 20'}

  '@octokit/endpoint@11.0.0':
    resolution: {integrity: sha512-hoYicJZaqISMAI3JfaDr1qMNi48OctWuOih1m80bkYow/ayPw6Jj52tqWJ6GEoFTk1gBqfanSoI1iY99Z5+ekQ==}
    engines: {node: '>= 20'}

  '@octokit/graphql@9.0.1':
    resolution: {integrity: sha512-j1nQNU1ZxNFx2ZtKmL4sMrs4egy5h65OMDmSbVyuCzjOcwsHq6EaYjOTGXPQxgfiN8dJ4CriYHk6zF050WEULg==}
    engines: {node: '>= 20'}

  '@octokit/openapi-types@25.1.0':
    resolution: {integrity: sha512-idsIggNXUKkk0+BExUn1dQ92sfysJrje03Q0bv0e+KPLrvyqZF8MnBpFz8UNfYDwB3Ie7Z0TByjWfzxt7vseaA==}

  '@octokit/plugin-paginate-rest@13.1.1':
    resolution: {integrity: sha512-q9iQGlZlxAVNRN2jDNskJW/Cafy7/XE52wjZ5TTvyhyOD904Cvx//DNyoO3J/MXJ0ve3rPoNWKEg5iZrisQSuw==}
    engines: {node: '>= 20'}
    peerDependencies:
      '@octokit/core': '>=6'

  '@octokit/plugin-request-log@6.0.0':
    resolution: {integrity: sha512-UkOzeEN3W91/eBq9sPZNQ7sUBvYCqYbrrD8gTbBuGtHEuycE4/awMXcYvx6sVYo7LypPhmQwwpUe4Yyu4QZN5Q==}
    engines: {node: '>= 20'}
    peerDependencies:
      '@octokit/core': '>=6'

  '@octokit/plugin-rest-endpoint-methods@16.0.0':
    resolution: {integrity: sha512-kJVUQk6/dx/gRNLWUnAWKFs1kVPn5O5CYZyssyEoNYaFedqZxsfYs7DwI3d67hGz4qOwaJ1dpm07hOAD1BXx6g==}
    engines: {node: '>= 20'}
    peerDependencies:
      '@octokit/core': '>=6'

  '@octokit/request-error@7.0.0':
    resolution: {integrity: sha512-KRA7VTGdVyJlh0cP5Tf94hTiYVVqmt2f3I6mnimmaVz4UG3gQV/k4mDJlJv3X67iX6rmN7gSHCF8ssqeMnmhZg==}
    engines: {node: '>= 20'}

  '@octokit/request@10.0.3':
    resolution: {integrity: sha512-V6jhKokg35vk098iBqp2FBKunk3kMTXlmq+PtbV9Gl3TfskWlebSofU9uunVKhUN7xl+0+i5vt0TGTG8/p/7HA==}
    engines: {node: '>= 20'}

  '@octokit/rest@22.0.0':
    resolution: {integrity: sha512-z6tmTu9BTnw51jYGulxrlernpsQYXpui1RK21vmXn8yF5bp6iX16yfTtJYGK5Mh1qDkvDOmp2n8sRMcQmR8jiA==}
    engines: {node: '>= 20'}

  '@octokit/types@14.1.0':
    resolution: {integrity: sha512-1y6DgTy8Jomcpu33N+p5w58l6xyt55Ar2I91RPiIA0xCJBXyUAhXCcmZaDWSANiha7R9a6qJJ2CRomGPZ6f46g==}

  before-after-hook@4.0.0:
    resolution: {integrity: sha512-q6tR3RPqIB1pMiTRMFcZwuG5T8vwp+vUvEG0vuI6B+Rikh5BfPp2fQ82c925FOs+b0lcFQ8CFrL+KbilfZFhOQ==}

  fast-content-type-parse@3.0.0:
    resolution: {integrity: sha512-ZvLdcY8P+N8mGQJahJV5G4U88CSvT1rP8ApL6uETe88MBXrBHAkZlSEySdUlyztF7ccb+Znos3TFqaepHxdhBg==}

  universal-user-agent@7.0.3:
    resolution: {integrity: sha512-TmnEAEAsBJVZM/AADELsK76llnwcf9vMKuPz8JflO1frO8Lchitr0fNaN9d+Ap0BjKtqWqd/J17qeDnXh8CL2A==}

snapshots:

  '@octokit/auth-token@6.0.0': {}

  '@octokit/core@7.0.3':
    dependencies:
      '@octokit/auth-token': 6.0.0
      '@octokit/graphql': 9.0.1
      '@octokit/request': 10.0.3
      '@octokit/request-error': 7.0.0
      '@octokit/types': 14.1.0
      before-after-hook: 4.0.0
      universal-user-agent: 7.0.3

  '@octokit/endpoint@11.0.0':
    dependencies:
      '@octokit/types': 14.1.0
      universal-user-agent: 7.0.3

  '@octokit/graphql@9.0.1':
    dependencies:
      '@octokit/request': 10.0.3
      '@octokit/types': 14.1.0
      universal-user-agent: 7.0.3

  '@octokit/openapi-types@25.1.0': {}

  '@octokit/plugin-paginate-rest@13.1.1(@octokit/core@7.0.3)':
    dependencies:
      '@octokit/core': 7.0.3
      '@octokit/types': 14.1.0

  '@octokit/plugin-request-log@6.0.0(@octokit/core@7.0.3)':
    dependencies:
      '@octokit/core': 7.0.3

  '@octokit/plugin-rest-endpoint-methods@16.0.0(@octokit/core@7.0.3)':
    dependencies:
      '@octokit/core': 7.0.3
      '@octokit/types': 14.1.0

  '@octokit/request-error@7.0.0':
    dependencies:
      '@octokit/types': 14.1.0

  '@octokit/request@10.0.3':
    dependencies:
      '@octokit/endpoint': 11.0.0
      '@octokit/request-error': 7.0.0
      '@octokit/types': 14.1.0
      fast-content-type-parse: 3.0.0
      universal-user-agent: 7.0.3

  '@octokit/rest@22.0.0':
    dependencies:
      '@octokit/core': 7.0.3
      '@octokit/plugin-paginate-rest': 13.1.1(@octokit/core@7.0.3)
      '@octokit/plugin-request-log': 6.0.0(@octokit/core@7.0.3)
      '@octokit/plugin-rest-endpoint-methods': 16.0.0(@octokit/core@7.0.3)

  '@octokit/types@14.1.0':
    dependencies:
      '@octokit/openapi-types': 25.1.0

  before-after-hook@4.0.0: {}

  fast-content-type-parse@3.0.0: {}

  universal-user-agent@7.0.3: {}
